
Microsoft Visual Studio Solution File, Format Version 12.00
# Visual Studio Version 17
VisualStudioVersion = 17.4.33213.308
MinimumVisualStudioVersion = 10.0.40219.1
Project("{FAE04EC0-301F-11D3-BF4B-00C04F79EFBC}") = "Report Scam Website", "Report Scam Website\Report Scam Website.csproj", "{8666BC8B-3C3E-4B86-AF89-D466A640578D}"
EndProject
Project("{2150E333-8FDC-42A3-9474-1A3956D46DE8}") = "Solution Items", "Solution Items", "{48836810-9224-4843-82D0-91FF0CC2ACFF}"
	ProjectSection(SolutionItems) = preProject
		Report Scam Website\bin\Debug\websites.json = Report Scam Website\bin\Debug\websites.json
	EndProjectSection
EndProject
Global
	GlobalSection(SolutionConfigurationPlatforms) = preSolution
		Debug|Any CPU = Debug|Any CPU
		Release|Any CPU = Release|Any CPU
	EndGlobalSection
	GlobalSection(ProjectConfigurationPlatforms) = postSolution
		{8666BC8B-3C3E-4B86-AF89-D466A640578D}.Debug|Any CPU.ActiveCfg = Debug|Any CPU
		{8666BC8B-3C3E-4B86-AF89-D466A640578D}.Debug|Any CPU.Build.0 = Debug|Any CPU
		{8666BC8B-3C3E-4B86-AF89-D466A640578D}.Release|Any CPU.ActiveCfg = Release|Any CPU
		{8666BC8B-3C3E-4B86-AF89-D466A640578D}.Release|Any CPU.Build.0 = Release|Any CPU
	EndGlobalSection
	GlobalSection(SolutionProperties) = preSolution
		HideSolutionNode = FALSE
	EndGlobalSection
	GlobalSection(ExtensibilityGlobals) = postSolution
		SolutionGuid = {287533C9-715A-4820-90C7-6A935E2C861E}
	EndGlobalSection
EndGlobal
